// !$*UTF8*$!
{
	archiveVersion = 1;
	classes = {
	};
	objectVersion = 48;
	objects = {

/* Begin PBXBuildFile section */
		DF139A7F1F871DDB00CDAFC1 /* AppDelegate.swift in Sources */ = {isa = PBXBuildFile; fileRef = DF139A7E1F871DDB00CDAFC1 /* AppDelegate.swift */; };
		DF139A811F871DDB00CDAFC1 /* ViewController.swift in Sources */ = {isa = PBXBuildFile; fileRef = DF139A801F871DDB00CDAFC1 /* ViewController.swift */; };
		DF139A841F871DDB00CDAFC1 /* Main.storyboard in Resources */ = {isa = PBXBuildFile; fileRef = DF139A821F871DDB00CDAFC1 /* Main.storyboard */; };
		DF139A861F871DDB00CDAFC1 /* Assets.xcassets in Resources */ = {isa = PBXBuildFile; fileRef = DF139A851F871DDB00CDAFC1 /* Assets.xcassets */; };
		DF139A891F871DDB00CDAFC1 /* LaunchScreen.storyboard in Resources */ = {isa = PBXBuildFile; fileRef = DF139A871F871DDB00CDAFC1 /* LaunchScreen.storyboard */; };
/* End PBXBuildFile section */

/* Begin PBXFileReference section */
		DF139A7B1F871DDB00CDAFC1 /* MyApp33.app */ = {isa = PBXFileReference; explicitFileType = wrapper.application; includeInIndex = 0; path = MyApp33.app; sourceTree = BUILT_PRODUCTS_DIR; };
		DF139A7E1F871DDB00CDAFC1 /* AppDelegate.swift */ = {isa = PBXFileReference; lastKnownFileType = sourcecode.swift; path = AppDelegate.swift; sourceTree = "<group>"; };
		DF139A801F871DDB00CDAFC1 /* ViewController.swift */ = {isa = PBXFileReference; lastKnownFileType = sourcecode.swift; path = ViewController.swift; sourceTree = "<group>"; };
		DF139A831F871DDB00CDAFC1 /* Base */ = {isa = PBXFileReference; lastKnownFileType = file.storyboard; name = Base; path = Base.lproj/Main.storyboard; sourceTree = "<group>"; };
		DF139A851F871DDB00CDAFC1 /* Assets.xcassets */ = {isa = PBXFileReference; lastKnownFileType = folder.assetcatalog; path = Assets.xcassets; sourceTree = "<group>"; };
		DF139A881F871DDB00CDAFC1 /* Base */ = {isa = PBXFileReference; lastKnownFileType = file.storyboard; name = Base; path = Base.lproj/LaunchScreen.storyboard; sourceTree = "<group>"; };
		DF139A8A1F871DDB00CDAFC1 /* Info.plist */ = {isa = PBXFileReference; lastKnownFileType = text.plist.xml; path = Info.plist; sourceTree = "<group>"; };
/* End PBXFileReference section */

/* Begin PBXFrameworksBuildPhase section */
		DF139A781F871DDB00CDAFC1 /* Frameworks */ = {
			isa = PBXFrameworksBuildPhase;
			buildActionMask = 2147483647;
			files = (
			);
			runOnlyForDeploymentPostprocessing = 0;
		};
/* End PBXFrameworksBuildPhase section */

/* Begin PBXGroup section */
		DF139A721F871DDB00CDAFC1 = {
			isa = PBXGroup;
			children = (
				DF139A7D1F871DDB00CDAFC1 /* MyApp33 */,
				DF139A7C1F871DDB00CDAFC1 /* Products */,
			);
			sourceTree = "<group>";
		};
		DF139A7C1F871DDB00CDAFC1 /* Products */ = {
			isa = PBXGroup;
			children = (
				DF139A7B1F871DDB00CDAFC1 /* MyApp33.app */,
			);
			name = Products;
			sourceTree = "<group>";
		};
		DF139A7D1F871DDB00CDAFC1 /* MyApp33 */ = {
			isa = PBXGroup;
			children = (
				DF139A7E1F871DDB00CDAFC1 /* AppDelegate.swift */,
				DF139A801F871DDB00CDAFC1 /* ViewController.swift */,
				DF139A821F871DDB00CDAFC1 /* Main.storyboard */,
				DF139A851F871DDB00CDAFC1 /* Assets.xcassets */,
				DF139A871F871DDB00CDAFC1 /* LaunchScreen.storyboard */,
				DF139A8A1F871DDB00CDAFC1 /* Info.plist */,
			);
			path = MyApp33;
			sourceTree = "<group>";
		};
/* End PBXGroup section */

/* Begin PBXNativeTarget section */
		DF139A7A1F871DDB00CDAFC1 /* MyApp33 */ = {
			isa = PBXNativeTarget;
			buildConfigurationList = DF139A8D1F871DDB00CDAFC1 /* Build configuration list for PBXNativeTarget "MyApp33" */;
			buildPhases = (
				DF139A771F871DDB00CDAFC1 /* Sources */,
				DF139A781F871DDB00CDAFC1 /* Frameworks */,
				DF139A791F871DDB00CDAFC1 /* Resources */,
			);
			buildRules = (
			);
			dependencies = (
			);
			name = MyApp33;
			productName = MyApp33;
			productReference = DF139A7B1F871DDB00CDAFC1 /* MyApp33.app */;
			productType = "com.apple.product-type.application";
		};
/* End PBXNativeTarget section */

/* Begin PBXProject section */
		DF139A731F871DDB00CDAFC1 /* Project object */ = {
			isa = PBXProject;
			attributes = {
				LastSwiftUpdateCheck = 0900;
				LastUpgradeCheck = 0900;
				ORGANIZATIONNAME = "謝尚霖";
				TargetAttributes = {
					DF139A7A1F871DDB00CDAFC1 = {
						CreatedOnToolsVersion = 9.0;
						ProvisioningStyle = Automatic;
					};
				};
			};
			buildConfigurationList = DF139A761F871DDB00CDAFC1 /* Build configuration list for PBXProject "MyApp33" */;
			compatibilityVersion = "Xcode 8.0";
			developmentRegion = en;
			hasScannedForEncodings = 0;
			knownRegions = (
				en,
				Base,
			);
			mainGroup = DF139A721F871DDB00CDAFC1;
			productRefGroup = DF139A7C1F871DDB00CDAFC1 /* Products */;
			projectDirPath = "";
			projectRoot = "";
			targets = (
				DF139A7A1F871DDB00CDAFC1 /* MyApp33 */,
			);
		};
/* End PBXProject section */

/* Begin PBXResourcesBuildPhase section */
		DF139A791F871DDB00CDAFC1 /* Resources */ = {
			isa = PBXResourcesBuildPhase;
			buildActionMask = 2147483647;
			files = (
				DF139A891F871DDB00CDAFC1 /* LaunchScreen.storyboard in Resources */,
				DF139A861F871DDB00CDAFC1 /* Assets.xcassets in Resources */,
				DF139A841F871DDB00CDAFC1 /* Main.storyboard in Resources */,
			);
			runOnlyForDeploymentPostprocessing = 0;
		};
/* End PBXResourcesBuildPhase section */

/* Begin PBXSourcesBuildPhase section */
		DF139A771F871DDB00CDAFC1 /* Sources */ = {
			isa = PBXSourcesBuildPhase;
			buildActionMask = 2147483647;
			files = (
				DF139A811F871DDB00CDAFC1 /* ViewController.swift in Sources */,
				DF139A7F1F871DDB00CDAFC1 /* AppDelegate.swift in Sources */,
			);
			runOnlyForDeploymentPostprocessing = 0;
		};
/* End PBXSourcesBuildPhase section */

/* Begin PBXVariantGroup section */
		DF139A821F871DDB00CDAFC1 /* Main.storyboard */ = {
			isa = PBXVariantGroup;
			children = (
				DF139A831F871DDB00CDAFC1 /* Base */,
			);
			name = Main.storyboard;
			sourceTree = "<group>";
		};
		DF139A871F871DDB00CDAFC1 /* LaunchScreen.storyboard */ = {
			isa = PBXVariantGroup;
			children = (
				DF139A881F871DDB00CDAFC1 /* Base */,
			);
			name = LaunchScreen.storyboard;
			sourceTree = "<group>";
		};
/* End PBXVariantGroup section */

/* Begin XCBuildConfiguration section */
		DF139A8B1F871DDB00CDAFC1 /* Debug */ = {
			isa = XCBuildConfiguration;
			buildSettings = {
				ALWAYS_SEARCH_USER_PATHS = NO;
				CLANG_ANALYZER_NONNULL = YES;
				CLANG_ANALYZER_NUMBER_OBJECT_CONVERSION = YES_AGGRESSIVE;
				CLANG_CXX_LANGUAGE_STANDARD = "gnu++14";
				CLANG_CXX_LIBRARY = "libc++";
				CLANG_ENABLE_MODULES = YES;
				CLANG_ENABLE_OBJC_ARC = YES;
				CLANG_WARN_BLOCK_CAPTURE_AUTORELEASING = YES;
				CLANG_WARN_BOOL_CONVERSION = YES;
				CLANG_WARN_COMMA = YES;
				CLANG_WARN_CONSTANT_CONVERSION = YES;
				CLANG_WARN_DIRECT_OBJC_ISA_USAGE = YES_ERROR;
				CLANG_WARN_DOCUMENTATION_COMMENTS = YES;
				CLANG_WARN_EMPTY_BODY = YES;
				CLANG_WARN_ENUM_CONVERSION = YES;
				CLANG_WARN_INFINITE_RECURSION = YES;
				CLANG_WARN_INT_CONVERSION = YES;
				CLANG_WARN_NON_LITERAL_NULL_CONVERSION = YES;
				CLANG_WARN_OBJC_LITERAL_CONVERSION = YES;
				CLANG_WARN_OBJC_ROOT_CLASS = YES_ERROR;
				CLANG_WARN_RANGE_LOOP_ANALYSIS = YES;
				CLANG_WARN_STRICT_PROTOTYPES = YES;
				CLANG_WARN_SUSPICIOUS_MOVE = YES;
				CLANG_WARN_UNGUARDED_AVAILABILITY = YES_AGGRESSIVE;
				CLANG_WARN_UNREACHABLE_CODE = YES;
				CLANG_WARN__DUPLICATE_METHOD_MATCH = YES;
				CODE_SIGN_IDENTITY = "iPhone Developer";
				COPY_PHASE_STRIP = NO;
				DEBUG_INFORMATION_FORMAT = dwarf;
				ENABLE_STRICT_OBJC_MSGSEND = YES;
				ENABLE_TESTABILITY = YES;
				GCC_C_LANGUAGE_STANDARD = gnu11;
				GCC_DYNAMIC_NO_PIC = NO;
				GCC_NO_COMMON_BLOCKS = YES;
				GCC_OPTIMIZATION_LEVEL = 0;
				GCC_PREPROCESSOR_DEFINITIONS = (
					"DEBUG=1",
					"$(inherited)",
				);
				GCC_WARN_64_TO_32_BIT_CONVERSION = YES;
				GCC_WARN_ABOUT_RETURN_TYPE = YES_ERROR;
				GCC_WARN_UNDECLARED_SELECTOR = YES;
				GCC_WARN_UNINITIALIZED_AUTOS = YES_AGGRESSIVE;
				GCC_WARN_UNUSED_FUNCTION = YES;
				GCC_WARN_UNUSED_VARIABLE = YES;
				IPHONEOS_DEPLOYMENT_TARGET = 11.0;
				MTL_ENABLE_DEBUG_INFO = YES;
				ONLY_ACTIVE_ARCH = YES;
				SDKROOT = iphoneos;
				SWIFT_ACTIVE_COMPILATION_CONDITIONS = DEBUG;
				SWIFT_OPTIMIZATION_LEVEL = "-Onone";
			};
			name = Debug;
		};
		DF139A8C1F871DDB00CDAFC1 /* Release */ = {
			isa = XCBuildConfiguration;
			buildSettings = {
				ALWAYS_SEARCH_USER_PATHS = NO;
				CLANG_ANALYZER_NONNULL = YES;
				CLANG_ANALYZER_NUMBER_OBJECT_CONVERSION = YES_AGGRESSIVE;
				CLANG_CXX_LANGUAGE_STANDARD = "gnu++14";
				CLANG_CXX_LIBRARY = "libc++";
				CLANG_ENABLE_MODULES = YES;
				CLANG_ENABLE_OBJC_ARC = YES;
				CLANG_WARN_BLOCK_CAPTURE_AUTORELEASING = YES;
				CLANG_WARN_BOOL_CONVERSION = YES;
				CLANG_WARN_COMMA = YES;
				CLANG_WARN_CONSTANT_CONVERSION = YES;
				CLANG_WARN_DIRECT_OBJC_ISA_USAGE = YES_ERROR;
				CLANG_WARN_DOCUMENTATION_COMMENTS = YES;
				CLANG_WARN_EMPTY_BODY = YES;
				CLANG_WARN_ENUM_CONVERSION = YES;
				CLANG_WARN_INFINITE_RECURSION = YES;
				CLANG_WARN_INT_CONVERSION = YES;
				CLANG_WARN_NON_LITERAL_NULL_CONVERSION = YES;
				CLANG_WARN_OBJC_LITERAL_CONVERSION = YES;
				CLANG_WARN_OBJC_ROOT_CLASS = YES_ERROR;
				CLANG_WARN_RANGE_LOOP_ANALYSIS = YES;
				CLANG_WARN_STRICT_PROTOTYPES = YES;
				CLANG_WARN_SUSPICIOUS_MOVE = YES;
				CLANG_WARN_UNGUARDED_AVAILABILITY = YES_AGGRESSIVE;
				CLANG_WARN_UNREACHABLE_CODE = YES;
				CLANG_WARN__DUPLICATE_METHOD_MATCH = YES;
				CODE_SIGN_IDENTITY = "iPhone Developer";
				COPY_PHASE_STRIP = NO;
				DEBUG_INFORMATION_FORMAT = "dwarf-with-dsym";
				ENABLE_NS_ASSERTIONS = NO;
				ENABLE_STRICT_OBJC_MSGSEND = YES;
				GCC_C_LANGUAGE_STANDARD = gnu11;
				GCC_NO_COMMON_BLOCKS = YES;
				GCC_WARN_64_TO_32_BIT_CONVERSION = YES;
				GCC_WARN_ABOUT_RETURN_TYPE = YES_ERROR;
				GCC_WARN_UNDECLARED_SELECTOR = YES;
				GCC_WARN_UNINITIALIZED_AUTOS = YES_AGGRESSIVE;
				GCC_WARN_UNUSED_FUNCTION = YES;
				GCC_WARN_UNUSED_VARIABLE = YES;
				IPHONEOS_DEPLOYMENT_TARGET = 11.0;
				MTL_ENABLE_DEBUG_INFO = NO;
				SDKROOT = iphoneos;
				SWIFT_OPTIMIZATION_LEVEL = "-Owholemodule";
				VALIDATE_PRODUCT = YES;
			};
			name = Release;
		};
		DF139A8E1F871DDB00CDAFC1 /* Debug */ = {
			isa = XCBuildConfiguration;
			buildSettings = {
				ASSETCATALOG_COMPILER_APPICON_NAME = AppIcon;
				CODE_SIGN_STYLE = Automatic;
				DEVELOPMENT_TEAM = MS5N5V7Y5J;
				INFOPLIST_FILE = MyApp33/Info.plist;
				LD_RUNPATH_SEARCH_PATHS = "$(inherited) @executable_path/Frameworks";
				PRODUCT_BUNDLE_IDENTIFIER = tw.org.iii.MyApp33;
				PRODUCT_NAME = "$(TARGET_NAME)";
				SWIFT_VERSION = 4.0;
				TARGETED_DEVICE_FAMILY = "1,2";
			};
			name = Debug;
		};
		DF139A8F1F871DDB00CDAFC1 /* Release */ = {
			isa = XCBuildConfiguration;
			buildSettings = {
				ASSETCATALOG_COMPILER_APPICON_NAME = AppIcon;
				CODE_SIGN_STYLE = Automatic;
				DEVELOPMENT_TEAM = MS5N5V7Y5J;
				INFOPLIST_FILE = MyApp33/Info.plist;
				LD_RUNPATH_SEARCH_PATHS = "$(inherited) @executable_path/Frameworks";
				PRODUCT_BUNDLE_IDENTIFIER = tw.org.iii.MyApp33;
				PRODUCT_NAME = "$(TARGET_NAME)";
				SWIFT_VERSION = 4.0;
				TARGETED_DEVICE_FAMILY = "1,2";
			};
			name = Release;
		};
/* End XCBuildConfiguration section */

/* Begin XCConfigurationList section */
		DF139A761F871DDB00CDAFC1 /* Build configuration list for PBXProject "MyApp33" */ = {
			isa = XCConfigurationList;
			buildConfigurations = (
				DF139A8B1F871DDB00CDAFC1 /* Debug */,
				DF139A8C1F871DDB00CDAFC1 /* Release */,
			);
			defaultConfigurationIsVisible = 0;
			defaultConfigurationName = Release;
		};
		DF139A8D1F871DDB00CDAFC1 /* Build configuration list for PBXNativeTarget "MyApp33" */ = {
			isa = XCConfigurationList;
			buildConfigurations = (
				DF139A8E1F871DDB00CDAFC1 /* Debug */,
				DF139A8F1F871DDB00CDAFC1 /* Release */,
			);
			defaultConfigurationIsVisible = 0;
			defaultConfigurationName = Release;
		};
/* End XCConfigurationList section */
	};
	rootObject = DF139A731F871DDB00CDAFC1 /* Project object */;
}
